// !$*UTF8*$!
{
	archiveVersion = 1;
	classes = {
	};
	objectVersion = 46;
	objects = {

/* Begin PBXBuildFile section */
		F4C2F7CC1CBD8E31000E0FBC /* AppDelegate.swift in Sources */ = {isa = PBXBuildFile; fileRef = F4C2F7CB1CBD8E31000E0FBC /* AppDelegate.swift */; };
		F4C2F7CE1CBD8E31000E0FBC /* ViewController.swift in Sources */ = {isa = PBXBuildFile; fileRef = F4C2F7CD1CBD8E31000E0FBC /* ViewController.swift */; };
		F4C2F7D11CBD8E31000E0FBC /* Main.storyboard in Resources */ = {isa = PBXBuildFile; fileRef = F4C2F7CF1CBD8E31000E0FBC /* Main.storyboard */; };
		F4C2F7D31CBD8E31000E0FBC /* Assets.xcassets in Resources */ = {isa = PBXBuildFile; fileRef = F4C2F7D21CBD8E31000E0FBC /* Assets.xcassets */; };
		F4C2F7D61CBD8E31000E0FBC /* LaunchScreen.storyboard in Resources */ = {isa = PBXBuildFile; fileRef = F4C2F7D41CBD8E31000E0FBC /* LaunchScreen.storyboard */; };
/* End PBXBuildFile section */

/* Begin PBXFileReference section */
		F4C2F7C81CBD8E31000E0FBC /* TipCalculator.app */ = {isa = PBXFileReference; explicitFileType = wrapper.application; includeInIndex = 0; path = TipCalculator.app; sourceTree = BUILT_PRODUCTS_DIR; };
		F4C2F7CB1CBD8E31000E0FBC /* AppDelegate.swift */ = {isa = PBXFileReference; lastKnownFileType = sourcecode.swift; path = AppDelegate.swift; sourceTree = "<group>"; };
		F4C2F7CD1CBD8E31000E0FBC /* ViewController.swift */ = {isa = PBXFileReference; lastKnownFileType = sourcecode.swift; path = ViewController.swift; sourceTree = "<group>"; };
		F4C2F7D01CBD8E31000E0FBC /* Base */ = {isa = PBXFileReference; lastKnownFileType = file.storyboard; name = Base; path = Base.lproj/Main.storyboard; sourceTree = "<group>"; };
		F4C2F7D21CBD8E31000E0FBC /* Assets.xcassets */ = {isa = PBXFileReference; lastKnownFileType = folder.assetcatalog; path = Assets.xcassets; sourceTree = "<group>"; };
		F4C2F7D51CBD8E31000E0FBC /* Base */ = {isa = PBXFileReference; lastKnownFileType = file.storyboard; name = Base; path = Base.lproj/LaunchScreen.storyboard; sourceTree = "<group>"; };
		F4C2F7D71CBD8E31000E0FBC /* Info.plist */ = {isa = PBXFileReference; lastKnownFileType = text.plist.xml; path = Info.plist; sourceTree = "<group>"; };
/* End PBXFileReference section */

/* Begin PBXFrameworksBuildPhase section */
		F4C2F7C51CBD8E31000E0FBC /* Frameworks */ = {
			isa = PBXFrameworksBuildPhase;
			buildActionMask = 2147483647;
			files = (
			);
			runOnlyForDeploymentPostprocessing = 0;
		};
/* End PBXFrameworksBuildPhase section */

/* Begin PBXGroup section */
		F4C2F7BF1CBD8E31000E0FBC = {
			isa = PBXGroup;
			children = (
				F4C2F7CA1CBD8E31000E0FBC /* TipCalculator */,
				F4C2F7C91CBD8E31000E0FBC /* Products */,
			);
			sourceTree = "<group>";
		};
		F4C2F7C91CBD8E31000E0FBC /* Products */ = {
			isa = PBXGroup;
			children = (
				F4C2F7C81CBD8E31000E0FBC /* TipCalculator.app */,
			);
			name = Products;
			sourceTree = "<group>";
		};
		F4C2F7CA1CBD8E31000E0FBC /* TipCalculator */ = {
			isa = PBXGroup;
			children = (
				F4C2F7CB1CBD8E31000E0FBC /* AppDelegate.swift */,
				F4C2F7CD1CBD8E31000E0FBC /* ViewController.swift */,
				F4C2F7CF1CBD8E31000E0FBC /* Main.storyboard */,
				F4C2F7D21CBD8E31000E0FBC /* Assets.xcassets */,
				F4C2F7D41CBD8E31000E0FBC /* LaunchScreen.storyboard */,
				F4C2F7D71CBD8E31000E0FBC /* Info.plist */,
			);
			path = TipCalculator;
			sourceTree = "<group>";
		};
/* End PBXGroup section */

/* Begin PBXNativeTarget section */
		F4C2F7C71CBD8E31000E0FBC /* TipCalculator */ = {
			isa = PBXNativeTarget;
			buildConfigurationList = F4C2F7DA1CBD8E31000E0FBC /* Build configuration list for PBXNativeTarget "TipCalculator" */;
			buildPhases = (
				F4C2F7C41CBD8E31000E0FBC /* Sources */,
				F4C2F7C51CBD8E31000E0FBC /* Frameworks */,
				F4C2F7C61CBD8E31000E0FBC /* Resources */,
			);
			buildRules = (
			);
			dependencies = (
			);
			name = TipCalculator;
			productName = TipCalculator;
			productReference = F4C2F7C81CBD8E31000E0FBC /* TipCalculator.app */;
			productType = "com.apple.product-type.application";
		};
/* End PBXNativeTarget section */

/* Begin PBXProject section */
		F4C2F7C01CBD8E31000E0FBC /* Project object */ = {
			isa = PBXProject;
			attributes = {
				LastSwiftUpdateCheck = 0730;
				LastUpgradeCheck = 0730;
				ORGANIZATIONNAME = JasonFan;
				TargetAttributes = {
					F4C2F7C71CBD8E31000E0FBC = {
						CreatedOnToolsVersion = 7.3;
					};
				};
			};
			buildConfigurationList = F4C2F7C31CBD8E31000E0FBC /* Build configuration list for PBXProject "TipCalculator" */;
			compatibilityVersion = "Xcode 3.2";
			developmentRegion = English;
			hasScannedForEncodings = 0;
			knownRegions = (
				en,
				Base,
			);
			mainGroup = F4C2F7BF1CBD8E31000E0FBC;
			productRefGroup = F4C2F7C91CBD8E31000E0FBC /* Products */;
			projectDirPath = "";
			projectRoot = "";
			targets = (
				F4C2F7C71CBD8E31000E0FBC /* TipCalculator */,
			);
		};
/* End PBXProject section */

/* Begin PBXResourcesBuildPhase section */
		F4C2F7C61CBD8E31000E0FBC /* Resources */ = {
			isa = PBXResourcesBuildPhase;
			buildActionMask = 2147483647;
			files = (
				F4C2F7D61CBD8E31000E0FBC /* LaunchScreen.storyboard in Resources */,
				F4C2F7D31CBD8E31000E0FBC /* Assets.xcassets in Resources */,
				F4C2F7D11CBD8E31000E0FBC /* Main.storyboard in Resources */,
			);
			runOnlyForDeploymentPostprocessing = 0;
		};
/* End PBXResourcesBuildPhase section */

/* Begin PBXSourcesBuildPhase section */
		F4C2F7C41CBD8E31000E0FBC /* Sources */ = {
			isa = PBXSourcesBuildPhase;
			buildActionMask = 2147483647;
			files = (
				F4C2F7CE1CBD8E31000E0FBC /* ViewController.swift in Sources */,
				F4C2F7CC1CBD8E31000E0FBC /* AppDelegate.swift in Sources */,
			);
			runOnlyForDeploymentPostprocessing = 0;
		};
/* End PBXSourcesBuildPhase section */

/* Begin PBXVariantGroup section */
		F4C2F7CF1CBD8E31000E0FBC /* Main.storyboard */ = {
			isa = PBXVariantGroup;
			children = (
				F4C2F7D01CBD8E31000E0FBC /* Base */,
			);
			name = Main.storyboard;
			sourceTree = "<group>";
		};
		F4C2F7D41CBD8E31000E0FBC /* LaunchScreen.storyboard */ = {
			isa = PBXVariantGroup;
			children = (
				F4C2F7D51CBD8E31000E0FBC /* Base */,
			);
			name = LaunchScreen.storyboard;
			sourceTree = "<group>";
		};
/* End PBXVariantGroup section */

/* Begin XCBuildConfiguration section */
		F4C2F7D81CBD8E31000E0FBC /* Debug */ = {
			isa = XCBuildConfiguration;
			buildSettings = {
				ALWAYS_SEARCH_USER_PATHS = NO;
				CLANG_ANALYZER_NONNULL = YES;
				CLANG_CXX_LANGUAGE_STANDARD = "gnu++0x";
				CLANG_CXX_LIBRARY = "libc++";
				CLANG_ENABLE_MODULES = YES;
				CLANG_ENABLE_OBJC_ARC = YES;
				CLANG_WARN_BOOL_CONVERSION = YES;
				CLANG_WARN_CONSTANT_CONVERSION = YES;
				CLANG_WARN_DIRECT_OBJC_ISA_USAGE = YES_ERROR;
				CLANG_WARN_EMPTY_BODY = YES;
				CLANG_WARN_ENUM_CONVERSION = YES;
				CLANG_WARN_INT_CONVERSION = YES;
				CLANG_WARN_OBJC_ROOT_CLASS = YES_ERROR;
				CLANG_WARN_UNREACHABLE_CODE = YES;
				CLANG_WARN__DUPLICATE_METHOD_MATCH = YES;
				"CODE_SIGN_IDENTITY[sdk=iphoneos*]" = "iPhone Developer";
				COPY_PHASE_STRIP = NO;
				DEBUG_INFORMATION_FORMAT = dwarf;
				ENABLE_STRICT_OBJC_MSGSEND = YES;
				ENABLE_TESTABILITY = YES;
				GCC_C_LANGUAGE_STANDARD = gnu99;
				GCC_DYNAMIC_NO_PIC = NO;
				GCC_NO_COMMON_BLOCKS = YES;
				GCC_OPTIMIZATION_LEVEL = 0;
				GCC_PREPROCESSOR_DEFINITIONS = (
					"DEBUG=1",
					"$(inherited)",
				);
				GCC_WARN_64_TO_32_BIT_CONVERSION = YES;
				GCC_WARN_ABOUT_RETURN_TYPE = YES_ERROR;
				GCC_WARN_UNDECLARED_SELECTOR = YES;
				GCC_WARN_UNINITIALIZED_AUTOS = YES_AGGRESSIVE;
				GCC_WARN_UNUSED_FUNCTION = YES;
				GCC_WARN_UNUSED_VARIABLE = YES;
				IPHONEOS_DEPLOYMENT_TARGET = 9.3;
				MTL_ENABLE_DEBUG_INFO = YES;
				ONLY_ACTIVE_ARCH = YES;
				SDKROOT = iphoneos;
				SWIFT_OPTIMIZATION_LEVEL = "-Onone";
			};
			name = Debug;
		};
		F4C2F7D91CBD8E31000E0FBC /* Release */ = {
			isa = XCBuildConfiguration;
			buildSettings = {
				ALWAYS_SEARCH_USER_PATHS = NO;
				CLANG_ANALYZER_NONNULL = YES;
				CLANG_CXX_LANGUAGE_STANDARD = "gnu++0x";
				CLANG_CXX_LIBRARY = "libc++";
				CLANG_ENABLE_MODULES = YES;
				CLANG_ENABLE_OBJC_ARC = YES;
				CLANG_WARN_BOOL_CONVERSION = YES;
				CLANG_WARN_CONSTANT_CONVERSION = YES;
				CLANG_WARN_DIRECT_OBJC_ISA_USAGE = YES_ERROR;
				CLANG_WARN_EMPTY_BODY = YES;
				CLANG_WARN_ENUM_CONVERSION = YES;
				CLANG_WARN_INT_CONVERSION = YES;
				CLANG_WARN_OBJC_ROOT_CLASS = YES_ERROR;
				CLANG_WARN_UNREACHABLE_CODE = YES;
				CLANG_WARN__DUPLICATE_METHOD_MATCH = YES;
				"CODE_SIGN_IDENTITY[sdk=iphoneos*]" = "iPhone Developer";
				COPY_PHASE_STRIP = NO;
				DEBUG_INFORMATION_FORMAT = "dwarf-with-dsym";
				ENABLE_NS_ASSERTIONS = NO;
				ENABLE_STRICT_OBJC_MSGSEND = YES;
				GCC_C_LANGUAGE_STANDARD = gnu99;
				GCC_NO_COMMON_BLOCKS = YES;
				GCC_WARN_64_TO_32_BIT_CONVERSION = YES;
				GCC_WARN_ABOUT_RETURN_TYPE = YES_ERROR;
				GCC_WARN_UNDECLARED_SELECTOR = YES;
				GCC_WARN_UNINITIALIZED_AUTOS = YES_AGGRESSIVE;
				GCC_WARN_UNUSED_FUNCTION = YES;
				GCC_WARN_UNUSED_VARIABLE = YES;
				IPHONEOS_DEPLOYMENT_TARGET = 9.3;
				MTL_ENABLE_DEBUG_INFO = NO;
				SDKROOT = iphoneos;
				VALIDATE_PRODUCT = YES;
			};
			name = Release;
		};
		F4C2F7DB1CBD8E31000E0FBC /* Debug */ = {
			isa = XCBuildConfiguration;
			buildSettings = {
				ASSETCATALOG_COMPILER_APPICON_NAME = AppIcon;
				INFOPLIST_FILE = TipCalculator/Info.plist;
				LD_RUNPATH_SEARCH_PATHS = "$(inherited) @executable_path/Frameworks";
				PRODUCT_BUNDLE_IDENTIFIER = com.JasonFan.TipCalculator;
				PRODUCT_NAME = "$(TARGET_NAME)";
			};
			name = Debug;
		};
		F4C2F7DC1CBD8E31000E0FBC /* Release */ = {
			isa = XCBuildConfiguration;
			buildSettings = {
				ASSETCATALOG_COMPILER_APPICON_NAME = AppIcon;
				INFOPLIST_FILE = TipCalculator/Info.plist;
				LD_RUNPATH_SEARCH_PATHS = "$(inherited) @executable_path/Frameworks";
				PRODUCT_BUNDLE_IDENTIFIER = com.JasonFan.TipCalculator;
				PRODUCT_NAME = "$(TARGET_NAME)";
			};
			name = Release;
		};
/* End XCBuildConfiguration section */

/* Begin XCConfigurationList section */
		F4C2F7C31CBD8E31000E0FBC /* Build configuration list for PBXProject "TipCalculator" */ = {
			isa = XCConfigurationList;
			buildConfigurations = (
				F4C2F7D81CBD8E31000E0FBC /* Debug */,
				F4C2F7D91CBD8E31000E0FBC /* Release */,
			);
			defaultConfigurationIsVisible = 0;
			defaultConfigurationName = Release;
		};
		F4C2F7DA1CBD8E31000E0FBC /* Build configuration list for PBXNativeTarget "TipCalculator" */ = {
			isa = XCConfigurationList;
			buildConfigurations = (
				F4C2F7DB1CBD8E31000E0FBC /* Debug */,
				F4C2F7DC1CBD8E31000E0FBC /* Release */,
			);
			defaultConfigurationIsVisible = 0;
		};
/* End XCConfigurationList section */
	};
	rootObject = F4C2F7C01CBD8E31000E0FBC /* Project object */;
}
