// !$*UTF8*$!
{
	archiveVersion = 1;
	classes = {
	};
	objectVersion = 46;
	objects = {

/* Begin PBXBuildFile section */
		F49F18CD1CBE0AFF007B641A /* AppDelegate.swift in Sources */ = {isa = PBXBuildFile; fileRef = F49F18CC1CBE0AFF007B641A /* AppDelegate.swift */; };
		F49F18CF1CBE0AFF007B641A /* ViewController.swift in Sources */ = {isa = PBXBuildFile; fileRef = F49F18CE1CBE0AFF007B641A /* ViewController.swift */; };
		F49F18D21CBE0AFF007B641A /* Main.storyboard in Resources */ = {isa = PBXBuildFile; fileRef = F49F18D01CBE0AFF007B641A /* Main.storyboard */; };
		F49F18D41CBE0AFF007B641A /* Assets.xcassets in Resources */ = {isa = PBXBuildFile; fileRef = F49F18D31CBE0AFF007B641A /* Assets.xcassets */; };
		F49F18D71CBE0AFF007B641A /* LaunchScreen.storyboard in Resources */ = {isa = PBXBuildFile; fileRef = F49F18D51CBE0AFF007B641A /* LaunchScreen.storyboard */; };
/* End PBXBuildFile section */

/* Begin PBXFileReference section */
		F49F18C91CBE0AFF007B641A /* Tapper.app */ = {isa = PBXFileReference; explicitFileType = wrapper.application; includeInIndex = 0; path = Tapper.app; sourceTree = BUILT_PRODUCTS_DIR; };
		F49F18CC1CBE0AFF007B641A /* AppDelegate.swift */ = {isa = PBXFileReference; lastKnownFileType = sourcecode.swift; path = AppDelegate.swift; sourceTree = "<group>"; };
		F49F18CE1CBE0AFF007B641A /* ViewController.swift */ = {isa = PBXFileReference; lastKnownFileType = sourcecode.swift; path = ViewController.swift; sourceTree = "<group>"; };
		F49F18D11CBE0AFF007B641A /* Base */ = {isa = PBXFileReference; lastKnownFileType = file.storyboard; name = Base; path = Base.lproj/Main.storyboard; sourceTree = "<group>"; };
		F49F18D31CBE0AFF007B641A /* Assets.xcassets */ = {isa = PBXFileReference; lastKnownFileType = folder.assetcatalog; path = Assets.xcassets; sourceTree = "<group>"; };
		F49F18D61CBE0AFF007B641A /* Base */ = {isa = PBXFileReference; lastKnownFileType = file.storyboard; name = Base; path = Base.lproj/LaunchScreen.storyboard; sourceTree = "<group>"; };
		F49F18D81CBE0AFF007B641A /* Info.plist */ = {isa = PBXFileReference; lastKnownFileType = text.plist.xml; path = Info.plist; sourceTree = "<group>"; };
/* End PBXFileReference section */

/* Begin PBXFrameworksBuildPhase section */
		F49F18C61CBE0AFF007B641A /* Frameworks */ = {
			isa = PBXFrameworksBuildPhase;
			buildActionMask = 2147483647;
			files = (
			);
			runOnlyForDeploymentPostprocessing = 0;
		};
/* End PBXFrameworksBuildPhase section */

/* Begin PBXGroup section */
		F49F18C01CBE0AFF007B641A = {
			isa = PBXGroup;
			children = (
				F49F18CB1CBE0AFF007B641A /* Tapper */,
				F49F18CA1CBE0AFF007B641A /* Products */,
			);
			sourceTree = "<group>";
		};
		F49F18CA1CBE0AFF007B641A /* Products */ = {
			isa = PBXGroup;
			children = (
				F49F18C91CBE0AFF007B641A /* Tapper.app */,
			);
			name = Products;
			sourceTree = "<group>";
		};
		F49F18CB1CBE0AFF007B641A /* Tapper */ = {
			isa = PBXGroup;
			children = (
				F49F18CC1CBE0AFF007B641A /* AppDelegate.swift */,
				F49F18CE1CBE0AFF007B641A /* ViewController.swift */,
				F49F18D01CBE0AFF007B641A /* Main.storyboard */,
				F49F18D31CBE0AFF007B641A /* Assets.xcassets */,
				F49F18D51CBE0AFF007B641A /* LaunchScreen.storyboard */,
				F49F18D81CBE0AFF007B641A /* Info.plist */,
			);
			path = Tapper;
			sourceTree = "<group>";
		};
/* End PBXGroup section */

/* Begin PBXNativeTarget section */
		F49F18C81CBE0AFF007B641A /* Tapper */ = {
			isa = PBXNativeTarget;
			buildConfigurationList = F49F18DB1CBE0AFF007B641A /* Build configuration list for PBXNativeTarget "Tapper" */;
			buildPhases = (
				F49F18C51CBE0AFF007B641A /* Sources */,
				F49F18C61CBE0AFF007B641A /* Frameworks */,
				F49F18C71CBE0AFF007B641A /* Resources */,
			);
			buildRules = (
			);
			dependencies = (
			);
			name = Tapper;
			productName = Tapper;
			productReference = F49F18C91CBE0AFF007B641A /* Tapper.app */;
			productType = "com.apple.product-type.application";
		};
/* End PBXNativeTarget section */

/* Begin PBXProject section */
		F49F18C11CBE0AFF007B641A /* Project object */ = {
			isa = PBXProject;
			attributes = {
				LastSwiftUpdateCheck = 0730;
				LastUpgradeCheck = 0730;
				ORGANIZATIONNAME = JasonFan;
				TargetAttributes = {
					F49F18C81CBE0AFF007B641A = {
						CreatedOnToolsVersion = 7.3;
						DevelopmentTeam = 4D2ZYP5RX3;
					};
				};
			};
			buildConfigurationList = F49F18C41CBE0AFF007B641A /* Build configuration list for PBXProject "Tapper" */;
			compatibilityVersion = "Xcode 3.2";
			developmentRegion = English;
			hasScannedForEncodings = 0;
			knownRegions = (
				en,
				Base,
			);
			mainGroup = F49F18C01CBE0AFF007B641A;
			productRefGroup = F49F18CA1CBE0AFF007B641A /* Products */;
			projectDirPath = "";
			projectRoot = "";
			targets = (
				F49F18C81CBE0AFF007B641A /* Tapper */,
			);
		};
/* End PBXProject section */

/* Begin PBXResourcesBuildPhase section */
		F49F18C71CBE0AFF007B641A /* Resources */ = {
			isa = PBXResourcesBuildPhase;
			buildActionMask = 2147483647;
			files = (
				F49F18D71CBE0AFF007B641A /* LaunchScreen.storyboard in Resources */,
				F49F18D41CBE0AFF007B641A /* Assets.xcassets in Resources */,
				F49F18D21CBE0AFF007B641A /* Main.storyboard in Resources */,
			);
			runOnlyForDeploymentPostprocessing = 0;
		};
/* End PBXResourcesBuildPhase section */

/* Begin PBXSourcesBuildPhase section */
		F49F18C51CBE0AFF007B641A /* Sources */ = {
			isa = PBXSourcesBuildPhase;
			buildActionMask = 2147483647;
			files = (
				F49F18CF1CBE0AFF007B641A /* ViewController.swift in Sources */,
				F49F18CD1CBE0AFF007B641A /* AppDelegate.swift in Sources */,
			);
			runOnlyForDeploymentPostprocessing = 0;
		};
/* End PBXSourcesBuildPhase section */

/* Begin PBXVariantGroup section */
		F49F18D01CBE0AFF007B641A /* Main.storyboard */ = {
			isa = PBXVariantGroup;
			children = (
				F49F18D11CBE0AFF007B641A /* Base */,
			);
			name = Main.storyboard;
			sourceTree = "<group>";
		};
		F49F18D51CBE0AFF007B641A /* LaunchScreen.storyboard */ = {
			isa = PBXVariantGroup;
			children = (
				F49F18D61CBE0AFF007B641A /* Base */,
			);
			name = LaunchScreen.storyboard;
			sourceTree = "<group>";
		};
/* End PBXVariantGroup section */

/* Begin XCBuildConfiguration section */
		F49F18D91CBE0AFF007B641A /* Debug */ = {
			isa = XCBuildConfiguration;
			buildSettings = {
				ALWAYS_SEARCH_USER_PATHS = NO;
				CLANG_ANALYZER_NONNULL = YES;
				CLANG_CXX_LANGUAGE_STANDARD = "gnu++0x";
				CLANG_CXX_LIBRARY = "libc++";
				CLANG_ENABLE_MODULES = YES;
				CLANG_ENABLE_OBJC_ARC = YES;
				CLANG_WARN_BOOL_CONVERSION = YES;
				CLANG_WARN_CONSTANT_CONVERSION = YES;
				CLANG_WARN_DIRECT_OBJC_ISA_USAGE = YES_ERROR;
				CLANG_WARN_EMPTY_BODY = YES;
				CLANG_WARN_ENUM_CONVERSION = YES;
				CLANG_WARN_INT_CONVERSION = YES;
				CLANG_WARN_OBJC_ROOT_CLASS = YES_ERROR;
				CLANG_WARN_UNREACHABLE_CODE = YES;
				CLANG_WARN__DUPLICATE_METHOD_MATCH = YES;
				"CODE_SIGN_IDENTITY[sdk=iphoneos*]" = "iPhone Developer";
				COPY_PHASE_STRIP = NO;
				DEBUG_INFORMATION_FORMAT = dwarf;
				ENABLE_STRICT_OBJC_MSGSEND = YES;
				ENABLE_TESTABILITY = YES;
				GCC_C_LANGUAGE_STANDARD = gnu99;
				GCC_DYNAMIC_NO_PIC = NO;
				GCC_NO_COMMON_BLOCKS = YES;
				GCC_OPTIMIZATION_LEVEL = 0;
				GCC_PREPROCESSOR_DEFINITIONS = (
					"DEBUG=1",
					"$(inherited)",
				);
				GCC_WARN_64_TO_32_BIT_CONVERSION = YES;
				GCC_WARN_ABOUT_RETURN_TYPE = YES_ERROR;
				GCC_WARN_UNDECLARED_SELECTOR = YES;
				GCC_WARN_UNINITIALIZED_AUTOS = YES_AGGRESSIVE;
				GCC_WARN_UNUSED_FUNCTION = YES;
				GCC_WARN_UNUSED_VARIABLE = YES;
				IPHONEOS_DEPLOYMENT_TARGET = 9.3;
				MTL_ENABLE_DEBUG_INFO = YES;
				ONLY_ACTIVE_ARCH = YES;
				SDKROOT = iphoneos;
				SWIFT_OPTIMIZATION_LEVEL = "-Onone";
			};
			name = Debug;
		};
		F49F18DA1CBE0AFF007B641A /* Release */ = {
			isa = XCBuildConfiguration;
			buildSettings = {
				ALWAYS_SEARCH_USER_PATHS = NO;
				CLANG_ANALYZER_NONNULL = YES;
				CLANG_CXX_LANGUAGE_STANDARD = "gnu++0x";
				CLANG_CXX_LIBRARY = "libc++";
				CLANG_ENABLE_MODULES = YES;
				CLANG_ENABLE_OBJC_ARC = YES;
				CLANG_WARN_BOOL_CONVERSION = YES;
				CLANG_WARN_CONSTANT_CONVERSION = YES;
				CLANG_WARN_DIRECT_OBJC_ISA_USAGE = YES_ERROR;
				CLANG_WARN_EMPTY_BODY = YES;
				CLANG_WARN_ENUM_CONVERSION = YES;
				CLANG_WARN_INT_CONVERSION = YES;
				CLANG_WARN_OBJC_ROOT_CLASS = YES_ERROR;
				CLANG_WARN_UNREACHABLE_CODE = YES;
				CLANG_WARN__DUPLICATE_METHOD_MATCH = YES;
				"CODE_SIGN_IDENTITY[sdk=iphoneos*]" = "iPhone Developer";
				COPY_PHASE_STRIP = NO;
				DEBUG_INFORMATION_FORMAT = "dwarf-with-dsym";
				ENABLE_NS_ASSERTIONS = NO;
				ENABLE_STRICT_OBJC_MSGSEND = YES;
				GCC_C_LANGUAGE_STANDARD = gnu99;
				GCC_NO_COMMON_BLOCKS = YES;
				GCC_WARN_64_TO_32_BIT_CONVERSION = YES;
				GCC_WARN_ABOUT_RETURN_TYPE = YES_ERROR;
				GCC_WARN_UNDECLARED_SELECTOR = YES;
				GCC_WARN_UNINITIALIZED_AUTOS = YES_AGGRESSIVE;
				GCC_WARN_UNUSED_FUNCTION = YES;
				GCC_WARN_UNUSED_VARIABLE = YES;
				IPHONEOS_DEPLOYMENT_TARGET = 9.3;
				MTL_ENABLE_DEBUG_INFO = NO;
				SDKROOT = iphoneos;
				VALIDATE_PRODUCT = YES;
			};
			name = Release;
		};
		F49F18DC1CBE0AFF007B641A /* Debug */ = {
			isa = XCBuildConfiguration;
			buildSettings = {
				ASSETCATALOG_COMPILER_APPICON_NAME = AppIcon;
				INFOPLIST_FILE = Tapper/Info.plist;
				LD_RUNPATH_SEARCH_PATHS = "$(inherited) @executable_path/Frameworks";
				PRODUCT_BUNDLE_IDENTIFIER = com.JasonFan.Tapper;
				PRODUCT_NAME = "$(TARGET_NAME)";
			};
			name = Debug;
		};
		F49F18DD1CBE0AFF007B641A /* Release */ = {
			isa = XCBuildConfiguration;
			buildSettings = {
				ASSETCATALOG_COMPILER_APPICON_NAME = AppIcon;
				INFOPLIST_FILE = Tapper/Info.plist;
				LD_RUNPATH_SEARCH_PATHS = "$(inherited) @executable_path/Frameworks";
				PRODUCT_BUNDLE_IDENTIFIER = com.JasonFan.Tapper;
				PRODUCT_NAME = "$(TARGET_NAME)";
			};
			name = Release;
		};
/* End XCBuildConfiguration section */

/* Begin XCConfigurationList section */
		F49F18C41CBE0AFF007B641A /* Build configuration list for PBXProject "Tapper" */ = {
			isa = XCConfigurationList;
			buildConfigurations = (
				F49F18D91CBE0AFF007B641A /* Debug */,
				F49F18DA1CBE0AFF007B641A /* Release */,
			);
			defaultConfigurationIsVisible = 0;
			defaultConfigurationName = Release;
		};
		F49F18DB1CBE0AFF007B641A /* Build configuration list for PBXNativeTarget "Tapper" */ = {
			isa = XCConfigurationList;
			buildConfigurations = (
				F49F18DC1CBE0AFF007B641A /* Debug */,
				F49F18DD1CBE0AFF007B641A /* Release */,
			);
			defaultConfigurationIsVisible = 0;
		};
/* End XCConfigurationList section */
	};
	rootObject = F49F18C11CBE0AFF007B641A /* Project object */;
}
